
Microsoft Visual Studio Solution File, Format Version 12.00
# Visual Studio 15
VisualStudioVersion = 15.0.27004.2009
MinimumVisualStudioVersion = 10.0.40219.1
Project("{FAE04EC0-301F-11D3-BF4B-00C04F79EFBC}") = "Tangerine.Core.Win", "Tangerine.Core\Tangerine.Core.Win.csproj", "{05FB6476-C29B-49A7-918C-A52CAF73FCA7}"
EndProject
Project("{FAE04EC0-301F-11D3-BF4B-00C04F79EFBC}") = "Tangerine.UI.Win", "Tangerine.UI\Tangerine.UI.Win.csproj", "{E62BA18F-4E1A-466A-8299-67AD567F17E5}"
EndProject
Project("{FAE04EC0-301F-11D3-BF4B-00C04F79EFBC}") = "Lemon.Win", "..\Lemon\Lemon.Win.csproj", "{538E41E4-725C-4521-BCF3-A5591A1A3AFD}"
EndProject
Project("{FAE04EC0-301F-11D3-BF4B-00C04F79EFBC}") = "Tangerine.UI.Inspector.Win", "Tangerine.UI.Inspector\Tangerine.UI.Inspector.Win.csproj", "{D6B543CB-0223-4210-BB0F-7D8250760895}"
EndProject
Project("{FAE04EC0-301F-11D3-BF4B-00C04F79EFBC}") = "DynamicFont.Win", "..\Lime\Extensions\DynamicFont\DynamicFont.Win.csproj", "{FE8512BC-7A55-425C-8BC1-AD4D9785CF12}"
EndProject
Project("{FAE04EC0-301F-11D3-BF4B-00C04F79EFBC}") = "Tangerine.UI.Timeline.Win", "Tangerine.UI.Timeline\Tangerine.UI.Timeline.Win.csproj", "{DB168347-08CC-40FC-B612-5A33A6877863}"
EndProject
Project("{FAE04EC0-301F-11D3-BF4B-00C04F79EFBC}") = "Lime.Win", "..\Lime\Lime.Win.csproj", "{FC2DE6C9-641A-4230-8D29-EA4035CD8708}"
EndProject
Project("{FAE04EC0-301F-11D3-BF4B-00C04F79EFBC}") = "Tangerine.Win", "Tangerine\Tangerine.Win.csproj", "{3E49F498-47E1-4D67-9F13-EACA50FFF4AE}"
EndProject
Project("{FAE04EC0-301F-11D3-BF4B-00C04F79EFBC}") = "Yuzu.Win", "..\Yuzu\Yuzu.Win.csproj", "{DDD2DFE9-CED2-4CEA-ADF0-5A6865865A46}"
EndProject
Project("{FAE04EC0-301F-11D3-BF4B-00C04F79EFBC}") = "Tangerine.UI.SceneView.Win", "Tangerine.UI.SceneView\Tangerine.UI.SceneView.Win.csproj", "{80486551-A659-42B0-AADA-165C54E9B0AF}"
EndProject
Project("{FAE04EC0-301F-11D3-BF4B-00C04F79EFBC}") = "Tangerine.UI.FilesystemView.Win", "Tangerine.UI.FilesystemView\Tangerine.UI.FilesystemView.Win.csproj", "{74F91BD5-9E43-40FD-B8EA-B9819D1CA926}"
EndProject
Project("{FAE04EC0-301F-11D3-BF4B-00C04F79EFBC}") = "Orange.Win", "..\Orange\Orange.Win.csproj", "{6F0C1A51-492A-4E6E-B302-E212D441EBF3}"
EndProject
Project("{FAE04EC0-301F-11D3-BF4B-00C04F79EFBC}") = "Kumquat.Win", "..\Kumquat\Kumquat.Win.csproj", "{B1A51655-D2AD-4D03-B3F2-619F27FECBC4}"
EndProject
Project("{FAE04EC0-301F-11D3-BF4B-00C04F79EFBC}") = "ShaderCompilerBinding.Win", "..\3rdParty\ShaderCompilerBinding\ShaderCompilerBinding.Win.csproj", "{BC4E4E4B-0EE7-4B97-AC0F-55C559E48E59}"
EndProject
Project("{FAE04EC0-301F-11D3-BF4B-00C04F79EFBC}") = "SharpVulkan", "..\3rdParty\SharpVulkan\Source\SharpVulkan\SharpVulkan.csproj", "{5E203373-9D25-4FAB-B1A4-360C13160120}"
EndProject
Global
	GlobalSection(SolutionConfigurationPlatforms) = preSolution
		Debug|Any CPU = Debug|Any CPU
		Debug|x86 = Debug|x86
		Release|Any CPU = Release|Any CPU
		Release|x86 = Release|x86
	EndGlobalSection
	GlobalSection(ProjectConfigurationPlatforms) = postSolution
		{05FB6476-C29B-49A7-918C-A52CAF73FCA7}.Debug|Any CPU.ActiveCfg = Debug|Any CPU
		{05FB6476-C29B-49A7-918C-A52CAF73FCA7}.Debug|Any CPU.Build.0 = Debug|Any CPU
		{05FB6476-C29B-49A7-918C-A52CAF73FCA7}.Debug|x86.ActiveCfg = Debug|Any CPU
		{05FB6476-C29B-49A7-918C-A52CAF73FCA7}.Debug|x86.Build.0 = Debug|Any CPU
		{05FB6476-C29B-49A7-918C-A52CAF73FCA7}.Release|Any CPU.ActiveCfg = Release|Any CPU
		{05FB6476-C29B-49A7-918C-A52CAF73FCA7}.Release|Any CPU.Build.0 = Release|Any CPU
		{05FB6476-C29B-49A7-918C-A52CAF73FCA7}.Release|x86.ActiveCfg = Release|Any CPU
		{05FB6476-C29B-49A7-918C-A52CAF73FCA7}.Release|x86.Build.0 = Release|Any CPU
		{E62BA18F-4E1A-466A-8299-67AD567F17E5}.Debug|Any CPU.ActiveCfg = Debug|Any CPU
		{E62BA18F-4E1A-466A-8299-67AD567F17E5}.Debug|Any CPU.Build.0 = Debug|Any CPU
		{E62BA18F-4E1A-466A-8299-67AD567F17E5}.Debug|x86.ActiveCfg = Debug|Any CPU
		{E62BA18F-4E1A-466A-8299-67AD567F17E5}.Debug|x86.Build.0 = Debug|Any CPU
		{E62BA18F-4E1A-466A-8299-67AD567F17E5}.Release|Any CPU.ActiveCfg = Release|Any CPU
		{E62BA18F-4E1A-466A-8299-67AD567F17E5}.Release|Any CPU.Build.0 = Release|Any CPU
		{E62BA18F-4E1A-466A-8299-67AD567F17E5}.Release|x86.ActiveCfg = Release|Any CPU
		{E62BA18F-4E1A-466A-8299-67AD567F17E5}.Release|x86.Build.0 = Release|Any CPU
		{538E41E4-725C-4521-BCF3-A5591A1A3AFD}.Debug|Any CPU.ActiveCfg = Debug|Any CPU
		{538E41E4-725C-4521-BCF3-A5591A1A3AFD}.Debug|Any CPU.Build.0 = Debug|Any CPU
		{538E41E4-725C-4521-BCF3-A5591A1A3AFD}.Debug|x86.ActiveCfg = Debug|x86
		{538E41E4-725C-4521-BCF3-A5591A1A3AFD}.Debug|x86.Build.0 = Debug|x86
		{538E41E4-725C-4521-BCF3-A5591A1A3AFD}.Release|Any CPU.ActiveCfg = Release|Any CPU
		{538E41E4-725C-4521-BCF3-A5591A1A3AFD}.Release|Any CPU.Build.0 = Release|Any CPU
		{538E41E4-725C-4521-BCF3-A5591A1A3AFD}.Release|x86.ActiveCfg = Release|x86
		{538E41E4-725C-4521-BCF3-A5591A1A3AFD}.Release|x86.Build.0 = Release|x86
		{D6B543CB-0223-4210-BB0F-7D8250760895}.Debug|Any CPU.ActiveCfg = Debug|Any CPU
		{D6B543CB-0223-4210-BB0F-7D8250760895}.Debug|Any CPU.Build.0 = Debug|Any CPU
		{D6B543CB-0223-4210-BB0F-7D8250760895}.Debug|x86.ActiveCfg = Debug|Any CPU
		{D6B543CB-0223-4210-BB0F-7D8250760895}.Debug|x86.Build.0 = Debug|Any CPU
		{D6B543CB-0223-4210-BB0F-7D8250760895}.Release|Any CPU.ActiveCfg = Release|Any CPU
		{D6B543CB-0223-4210-BB0F-7D8250760895}.Release|Any CPU.Build.0 = Release|Any CPU
		{D6B543CB-0223-4210-BB0F-7D8250760895}.Release|x86.ActiveCfg = Release|Any CPU
		{D6B543CB-0223-4210-BB0F-7D8250760895}.Release|x86.Build.0 = Release|Any CPU
		{FE8512BC-7A55-425C-8BC1-AD4D9785CF12}.Debug|Any CPU.ActiveCfg = Debug.SubpixelText|Any CPU
		{FE8512BC-7A55-425C-8BC1-AD4D9785CF12}.Debug|Any CPU.Build.0 = Debug.SubpixelText|Any CPU
		{FE8512BC-7A55-425C-8BC1-AD4D9785CF12}.Debug|x86.ActiveCfg = Debug.SubpixelText|x86
		{FE8512BC-7A55-425C-8BC1-AD4D9785CF12}.Debug|x86.Build.0 = Debug.SubpixelText|x86
		{FE8512BC-7A55-425C-8BC1-AD4D9785CF12}.Release|Any CPU.ActiveCfg = Release.SubpixelText|Any CPU
		{FE8512BC-7A55-425C-8BC1-AD4D9785CF12}.Release|Any CPU.Build.0 = Release.SubpixelText|Any CPU
		{FE8512BC-7A55-425C-8BC1-AD4D9785CF12}.Release|x86.ActiveCfg = Release.SubpixelText|Any CPU
		{FE8512BC-7A55-425C-8BC1-AD4D9785CF12}.Release|x86.Build.0 = Release.SubpixelText|Any CPU
		{DB168347-08CC-40FC-B612-5A33A6877863}.Debug|Any CPU.ActiveCfg = Debug|Any CPU
		{DB168347-08CC-40FC-B612-5A33A6877863}.Debug|Any CPU.Build.0 = Debug|Any CPU
		{DB168347-08CC-40FC-B612-5A33A6877863}.Debug|x86.ActiveCfg = Debug|Any CPU
		{DB168347-08CC-40FC-B612-5A33A6877863}.Debug|x86.Build.0 = Debug|Any CPU
		{DB168347-08CC-40FC-B612-5A33A6877863}.Release|Any CPU.ActiveCfg = Release|Any CPU
		{DB168347-08CC-40FC-B612-5A33A6877863}.Release|Any CPU.Build.0 = Release|Any CPU
		{DB168347-08CC-40FC-B612-5A33A6877863}.Release|x86.ActiveCfg = Release|Any CPU
		{DB168347-08CC-40FC-B612-5A33A6877863}.Release|x86.Build.0 = Release|Any CPU
		{FC2DE6C9-641A-4230-8D29-EA4035CD8708}.Debug|Any CPU.ActiveCfg = Debug.Tangerine|Any CPU
		{FC2DE6C9-641A-4230-8D29-EA4035CD8708}.Debug|Any CPU.Build.0 = Debug.Tangerine|Any CPU
		{FC2DE6C9-641A-4230-8D29-EA4035CD8708}.Debug|x86.ActiveCfg = Debug.Tangerine|x86
		{FC2DE6C9-641A-4230-8D29-EA4035CD8708}.Debug|x86.Build.0 = Debug.Tangerine|x86
		{FC2DE6C9-641A-4230-8D29-EA4035CD8708}.Release|Any CPU.ActiveCfg = Release.Tangerine|Any CPU
		{FC2DE6C9-641A-4230-8D29-EA4035CD8708}.Release|Any CPU.Build.0 = Release.Tangerine|Any CPU
		{FC2DE6C9-641A-4230-8D29-EA4035CD8708}.Release|x86.ActiveCfg = Release.Tangerine|x86
		{FC2DE6C9-641A-4230-8D29-EA4035CD8708}.Release|x86.Build.0 = Release.Tangerine|x86
		{3E49F498-47E1-4D67-9F13-EACA50FFF4AE}.Debug|Any CPU.ActiveCfg = Debug|Any CPU
		{3E49F498-47E1-4D67-9F13-EACA50FFF4AE}.Debug|Any CPU.Build.0 = Debug|Any CPU
		{3E49F498-47E1-4D67-9F13-EACA50FFF4AE}.Debug|x86.ActiveCfg = Debug|Any CPU
		{3E49F498-47E1-4D67-9F13-EACA50FFF4AE}.Debug|x86.Build.0 = Debug|Any CPU
		{3E49F498-47E1-4D67-9F13-EACA50FFF4AE}.Release|Any CPU.ActiveCfg = Release|Any CPU
		{3E49F498-47E1-4D67-9F13-EACA50FFF4AE}.Release|Any CPU.Build.0 = Release|Any CPU
		{3E49F498-47E1-4D67-9F13-EACA50FFF4AE}.Release|x86.ActiveCfg = Release|Any CPU
		{3E49F498-47E1-4D67-9F13-EACA50FFF4AE}.Release|x86.Build.0 = Release|Any CPU
		{DDD2DFE9-CED2-4CEA-ADF0-5A6865865A46}.Debug|Any CPU.ActiveCfg = Debug|Any CPU
		{DDD2DFE9-CED2-4CEA-ADF0-5A6865865A46}.Debug|Any CPU.Build.0 = Debug|Any CPU
		{DDD2DFE9-CED2-4CEA-ADF0-5A6865865A46}.Debug|x86.ActiveCfg = Debug|Any CPU
		{DDD2DFE9-CED2-4CEA-ADF0-5A6865865A46}.Debug|x86.Build.0 = Debug|Any CPU
		{DDD2DFE9-CED2-4CEA-ADF0-5A6865865A46}.Release|Any CPU.ActiveCfg = Release|Any CPU
		{DDD2DFE9-CED2-4CEA-ADF0-5A6865865A46}.Release|Any CPU.Build.0 = Release|Any CPU
		{DDD2DFE9-CED2-4CEA-ADF0-5A6865865A46}.Release|x86.ActiveCfg = Release|Any CPU
		{DDD2DFE9-CED2-4CEA-ADF0-5A6865865A46}.Release|x86.Build.0 = Release|Any CPU
		{80486551-A659-42B0-AADA-165C54E9B0AF}.Debug|Any CPU.ActiveCfg = Debug|Any CPU
		{80486551-A659-42B0-AADA-165C54E9B0AF}.Debug|Any CPU.Build.0 = Debug|Any CPU
		{80486551-A659-42B0-AADA-165C54E9B0AF}.Debug|x86.ActiveCfg = Debug|Any CPU
		{80486551-A659-42B0-AADA-165C54E9B0AF}.Debug|x86.Build.0 = Debug|Any CPU
		{80486551-A659-42B0-AADA-165C54E9B0AF}.Release|Any CPU.ActiveCfg = Release|Any CPU
		{80486551-A659-42B0-AADA-165C54E9B0AF}.Release|Any CPU.Build.0 = Release|Any CPU
		{80486551-A659-42B0-AADA-165C54E9B0AF}.Release|x86.ActiveCfg = Release|Any CPU
		{80486551-A659-42B0-AADA-165C54E9B0AF}.Release|x86.Build.0 = Release|Any CPU
		{74F91BD5-9E43-40FD-B8EA-B9819D1CA926}.Debug|Any CPU.ActiveCfg = Debug|Any CPU
		{74F91BD5-9E43-40FD-B8EA-B9819D1CA926}.Debug|Any CPU.Build.0 = Debug|Any CPU
		{74F91BD5-9E43-40FD-B8EA-B9819D1CA926}.Debug|x86.ActiveCfg = Debug|Any CPU
		{74F91BD5-9E43-40FD-B8EA-B9819D1CA926}.Debug|x86.Build.0 = Debug|Any CPU
		{74F91BD5-9E43-40FD-B8EA-B9819D1CA926}.Release|Any CPU.ActiveCfg = Release|Any CPU
		{74F91BD5-9E43-40FD-B8EA-B9819D1CA926}.Release|Any CPU.Build.0 = Release|Any CPU
		{74F91BD5-9E43-40FD-B8EA-B9819D1CA926}.Release|x86.ActiveCfg = Release|Any CPU
		{74F91BD5-9E43-40FD-B8EA-B9819D1CA926}.Release|x86.Build.0 = Release|Any CPU
		{6F0C1A51-492A-4E6E-B302-E212D441EBF3}.Debug|Any CPU.ActiveCfg = Debug|Any CPU
		{6F0C1A51-492A-4E6E-B302-E212D441EBF3}.Debug|Any CPU.Build.0 = Debug|Any CPU
		{6F0C1A51-492A-4E6E-B302-E212D441EBF3}.Debug|x86.ActiveCfg = Debug|x86
		{6F0C1A51-492A-4E6E-B302-E212D441EBF3}.Debug|x86.Build.0 = Debug|x86
		{6F0C1A51-492A-4E6E-B302-E212D441EBF3}.Release|Any CPU.ActiveCfg = Release|Any CPU
		{6F0C1A51-492A-4E6E-B302-E212D441EBF3}.Release|Any CPU.Build.0 = Release|Any CPU
		{6F0C1A51-492A-4E6E-B302-E212D441EBF3}.Release|x86.ActiveCfg = Release|x86
		{6F0C1A51-492A-4E6E-B302-E212D441EBF3}.Release|x86.Build.0 = Release|x86
		{B1A51655-D2AD-4D03-B3F2-619F27FECBC4}.Debug|Any CPU.ActiveCfg = Debug|Any CPU
		{B1A51655-D2AD-4D03-B3F2-619F27FECBC4}.Debug|Any CPU.Build.0 = Debug|Any CPU
		{B1A51655-D2AD-4D03-B3F2-619F27FECBC4}.Debug|x86.ActiveCfg = Debug|x86
		{B1A51655-D2AD-4D03-B3F2-619F27FECBC4}.Debug|x86.Build.0 = Debug|x86
		{B1A51655-D2AD-4D03-B3F2-619F27FECBC4}.Release|Any CPU.ActiveCfg = Release|Any CPU
		{B1A51655-D2AD-4D03-B3F2-619F27FECBC4}.Release|Any CPU.Build.0 = Release|Any CPU
		{B1A51655-D2AD-4D03-B3F2-619F27FECBC4}.Release|x86.ActiveCfg = Release|x86
		{B1A51655-D2AD-4D03-B3F2-619F27FECBC4}.Release|x86.Build.0 = Release|x86
		{BC4E4E4B-0EE7-4B97-AC0F-55C559E48E59}.Debug|Any CPU.ActiveCfg = Debug|Any CPU
		{BC4E4E4B-0EE7-4B97-AC0F-55C559E48E59}.Debug|Any CPU.Build.0 = Debug|Any CPU
		{BC4E4E4B-0EE7-4B97-AC0F-55C559E48E59}.Debug|x86.ActiveCfg = Debug|Any CPU
		{BC4E4E4B-0EE7-4B97-AC0F-55C559E48E59}.Debug|x86.Build.0 = Debug|Any CPU
		{BC4E4E4B-0EE7-4B97-AC0F-55C559E48E59}.Release|Any CPU.ActiveCfg = Release|Any CPU
		{BC4E4E4B-0EE7-4B97-AC0F-55C559E48E59}.Release|Any CPU.Build.0 = Release|Any CPU
		{BC4E4E4B-0EE7-4B97-AC0F-55C559E48E59}.Release|x86.ActiveCfg = Release|Any CPU
		{BC4E4E4B-0EE7-4B97-AC0F-55C559E48E59}.Release|x86.Build.0 = Release|Any CPU
		{5E203373-9D25-4FAB-B1A4-360C13160120}.Debug|Any CPU.ActiveCfg = Debug|Any CPU
		{5E203373-9D25-4FAB-B1A4-360C13160120}.Debug|Any CPU.Build.0 = Debug|Any CPU
		{5E203373-9D25-4FAB-B1A4-360C13160120}.Debug|x86.ActiveCfg = Debug|Any CPU
		{5E203373-9D25-4FAB-B1A4-360C13160120}.Debug|x86.Build.0 = Debug|Any CPU
		{5E203373-9D25-4FAB-B1A4-360C13160120}.Release|Any CPU.ActiveCfg = Release|Any CPU
		{5E203373-9D25-4FAB-B1A4-360C13160120}.Release|Any CPU.Build.0 = Release|Any CPU
		{5E203373-9D25-4FAB-B1A4-360C13160120}.Release|x86.ActiveCfg = Release|Any CPU
		{5E203373-9D25-4FAB-B1A4-360C13160120}.Release|x86.Build.0 = Release|Any CPU
	EndGlobalSection
	GlobalSection(SolutionProperties) = preSolution
		HideSolutionNode = FALSE
	EndGlobalSection
	GlobalSection(ExtensibilityGlobals) = postSolution
		SolutionGuid = {B7F4D849-4B15-4CB1-B27A-EBAC248265E9}
	EndGlobalSection
EndGlobal
