
Microsoft Visual Studio Solution File, Format Version 12.00
# Visual Studio 15
VisualStudioVersion = 15.0.27004.2009
MinimumVisualStudioVersion = 10.0.40219.1
Project("{FAE04EC0-301F-11D3-BF4B-00C04F79EFBC}") = "Tangerine.Mac", "Tangerine\Tangerine.Mac.csproj", "{836E69F0-39A3-47CA-94C5-FB9F605D49EB}"
EndProject
Project("{FAE04EC0-301F-11D3-BF4B-00C04F79EFBC}") = "Lime.Mac", "..\Lime\Lime.Mac.csproj", "{DC16EEBF-404D-4610-B87A-15B57464D707}"
EndProject
Project("{FAE04EC0-301F-11D3-BF4B-00C04F79EFBC}") = "Lemon.Mac", "..\Lemon\Lemon.Mac.csproj", "{BB697671-700C-455D-B8EE-66A6B122B949}"
EndProject
Project("{FAE04EC0-301F-11D3-BF4B-00C04F79EFBC}") = "DynamicFont.Mac", "..\Lime\Extensions\DynamicFont\DynamicFont.Mac.csproj", "{B5F74505-80BB-4373-B194-219D743C1FA0}"
EndProject
Project("{FAE04EC0-301F-11D3-BF4B-00C04F79EFBC}") = "Tangerine.Core.Mac", "Tangerine.Core\Tangerine.Core.Mac.csproj", "{05FB6476-C29B-49A7-918C-A52CAF73FCA7}"
EndProject
Project("{FAE04EC0-301F-11D3-BF4B-00C04F79EFBC}") = "Tangerine.UI.Mac", "Tangerine.UI\Tangerine.UI.Mac.csproj", "{E62BA18F-4E1A-466A-8299-67AD567F17E5}"
EndProject
Project("{FAE04EC0-301F-11D3-BF4B-00C04F79EFBC}") = "Tangerine.UI.Timeline.Mac", "Tangerine.UI.Timeline\Tangerine.UI.Timeline.Mac.csproj", "{FB325FE1-F328-4755-885F-E713BD7E7DAD}"
EndProject
Project("{FAE04EC0-301F-11D3-BF4B-00C04F79EFBC}") = "Tangerine.UI.Inspector.Mac", "Tangerine.UI.Inspector\Tangerine.UI.Inspector.Mac.csproj", "{D6B543CB-0223-4210-BB0F-7D8250760895}"
EndProject
Project("{FAE04EC0-301F-11D3-BF4B-00C04F79EFBC}") = "Tangerine.UI.SceneView.Mac", "Tangerine.UI.SceneView\Tangerine.UI.SceneView.Mac.csproj", "{80486551-A659-42B0-AADA-165C54E9B0AF}"
EndProject
Project("{FAE04EC0-301F-11D3-BF4B-00C04F79EFBC}") = "Yuzu.Mac", "..\Yuzu\Yuzu.Mac.csproj", "{5F16D8E4-A0F1-4341-83A0-3897FC44EBB8}"
EndProject
Project("{FAE04EC0-301F-11D3-BF4B-00C04F79EFBC}") = "Orange.Mac", "..\Orange\Orange.Mac.csproj", "{4B2BDD5A-2AAE-46AE-AA1A-8C9308BAA50D}"
EndProject
Project("{FAE04EC0-301F-11D3-BF4B-00C04F79EFBC}") = "Tangerine.UI.FilesystemView.Mac", "Tangerine.UI.FilesystemView\Tangerine.UI.FilesystemView.Mac.csproj", "{8799EA66-04E0-4075-95FE-BF0EC1BC88A1}"
EndProject
Project("{FAE04EC0-301F-11D3-BF4B-00C04F79EFBC}") = "Kumquat.Mac", "..\Kumquat\Kumquat.Mac.csproj", "{56D2F029-2E73-4CF9-80C7-6175A9DBCFFE}"
EndProject
Global
	GlobalSection(SolutionConfigurationPlatforms) = preSolution
		Debug|Any CPU = Debug|Any CPU
		Debug|x86 = Debug|x86
		Release|Any CPU = Release|Any CPU
		Release|x86 = Release|x86
	EndGlobalSection
	GlobalSection(ProjectConfigurationPlatforms) = postSolution
		{836E69F0-39A3-47CA-94C5-FB9F605D49EB}.Debug|Any CPU.ActiveCfg = Debug|Any CPU
		{836E69F0-39A3-47CA-94C5-FB9F605D49EB}.Debug|Any CPU.Build.0 = Debug|Any CPU
		{836E69F0-39A3-47CA-94C5-FB9F605D49EB}.Debug|x86.ActiveCfg = Debug|Any CPU
		{836E69F0-39A3-47CA-94C5-FB9F605D49EB}.Debug|x86.Build.0 = Debug|Any CPU
		{836E69F0-39A3-47CA-94C5-FB9F605D49EB}.Release|Any CPU.ActiveCfg = Release|Any CPU
		{836E69F0-39A3-47CA-94C5-FB9F605D49EB}.Release|Any CPU.Build.0 = Release|Any CPU
		{836E69F0-39A3-47CA-94C5-FB9F605D49EB}.Release|x86.ActiveCfg = Release|Any CPU
		{836E69F0-39A3-47CA-94C5-FB9F605D49EB}.Release|x86.Build.0 = Release|Any CPU
		{DC16EEBF-404D-4610-B87A-15B57464D707}.Debug|Any CPU.ActiveCfg = Debug|Any CPU
		{DC16EEBF-404D-4610-B87A-15B57464D707}.Debug|Any CPU.Build.0 = Debug|Any CPU
		{DC16EEBF-404D-4610-B87A-15B57464D707}.Debug|x86.ActiveCfg = Debug|Any CPU
		{DC16EEBF-404D-4610-B87A-15B57464D707}.Debug|x86.Build.0 = Debug|Any CPU
		{DC16EEBF-404D-4610-B87A-15B57464D707}.Release|Any CPU.ActiveCfg = Release|Any CPU
		{DC16EEBF-404D-4610-B87A-15B57464D707}.Release|Any CPU.Build.0 = Release|Any CPU
		{DC16EEBF-404D-4610-B87A-15B57464D707}.Release|x86.ActiveCfg = Release|Any CPU
		{DC16EEBF-404D-4610-B87A-15B57464D707}.Release|x86.Build.0 = Release|Any CPU
		{BB697671-700C-455D-B8EE-66A6B122B949}.Debug|Any CPU.ActiveCfg = Debug|Any CPU
		{BB697671-700C-455D-B8EE-66A6B122B949}.Debug|Any CPU.Build.0 = Debug|Any CPU
		{BB697671-700C-455D-B8EE-66A6B122B949}.Debug|x86.ActiveCfg = Debug|Any CPU
		{BB697671-700C-455D-B8EE-66A6B122B949}.Debug|x86.Build.0 = Debug|Any CPU
		{BB697671-700C-455D-B8EE-66A6B122B949}.Release|Any CPU.ActiveCfg = Release|Any CPU
		{BB697671-700C-455D-B8EE-66A6B122B949}.Release|Any CPU.Build.0 = Release|Any CPU
		{BB697671-700C-455D-B8EE-66A6B122B949}.Release|x86.ActiveCfg = Release|Any CPU
		{BB697671-700C-455D-B8EE-66A6B122B949}.Release|x86.Build.0 = Release|Any CPU
		{B5F74505-80BB-4373-B194-219D743C1FA0}.Debug|Any CPU.ActiveCfg = Debug.SubpixelText|Any CPU
		{B5F74505-80BB-4373-B194-219D743C1FA0}.Debug|Any CPU.Build.0 = Debug.SubpixelText|Any CPU
		{B5F74505-80BB-4373-B194-219D743C1FA0}.Debug|x86.ActiveCfg = Debug.SubpixelText|Any CPU
		{B5F74505-80BB-4373-B194-219D743C1FA0}.Debug|x86.Build.0 = Debug.SubpixelText|Any CPU
		{B5F74505-80BB-4373-B194-219D743C1FA0}.Release|Any CPU.ActiveCfg = Release.SubpixelText|Any CPU
		{B5F74505-80BB-4373-B194-219D743C1FA0}.Release|Any CPU.Build.0 = Release.SubpixelText|Any CPU
		{B5F74505-80BB-4373-B194-219D743C1FA0}.Release|x86.ActiveCfg = Release.SubpixelText|Any CPU
		{B5F74505-80BB-4373-B194-219D743C1FA0}.Release|x86.Build.0 = Release.SubpixelText|Any CPU
		{05FB6476-C29B-49A7-918C-A52CAF73FCA7}.Debug|Any CPU.ActiveCfg = Debug|Any CPU
		{05FB6476-C29B-49A7-918C-A52CAF73FCA7}.Debug|Any CPU.Build.0 = Debug|Any CPU
		{05FB6476-C29B-49A7-918C-A52CAF73FCA7}.Debug|x86.ActiveCfg = Debug|Any CPU
		{05FB6476-C29B-49A7-918C-A52CAF73FCA7}.Debug|x86.Build.0 = Debug|Any CPU
		{05FB6476-C29B-49A7-918C-A52CAF73FCA7}.Release|Any CPU.ActiveCfg = Release|Any CPU
		{05FB6476-C29B-49A7-918C-A52CAF73FCA7}.Release|Any CPU.Build.0 = Release|Any CPU
		{05FB6476-C29B-49A7-918C-A52CAF73FCA7}.Release|x86.ActiveCfg = Release|Any CPU
		{05FB6476-C29B-49A7-918C-A52CAF73FCA7}.Release|x86.Build.0 = Release|Any CPU
		{E62BA18F-4E1A-466A-8299-67AD567F17E5}.Debug|Any CPU.ActiveCfg = Debug|Any CPU
		{E62BA18F-4E1A-466A-8299-67AD567F17E5}.Debug|Any CPU.Build.0 = Debug|Any CPU
		{E62BA18F-4E1A-466A-8299-67AD567F17E5}.Debug|x86.ActiveCfg = Debug|Any CPU
		{E62BA18F-4E1A-466A-8299-67AD567F17E5}.Debug|x86.Build.0 = Debug|Any CPU
		{E62BA18F-4E1A-466A-8299-67AD567F17E5}.Release|Any CPU.ActiveCfg = Release|Any CPU
		{E62BA18F-4E1A-466A-8299-67AD567F17E5}.Release|Any CPU.Build.0 = Release|Any CPU
		{E62BA18F-4E1A-466A-8299-67AD567F17E5}.Release|x86.ActiveCfg = Release|Any CPU
		{E62BA18F-4E1A-466A-8299-67AD567F17E5}.Release|x86.Build.0 = Release|Any CPU
		{FB325FE1-F328-4755-885F-E713BD7E7DAD}.Debug|Any CPU.ActiveCfg = Debug|Any CPU
		{FB325FE1-F328-4755-885F-E713BD7E7DAD}.Debug|Any CPU.Build.0 = Debug|Any CPU
		{FB325FE1-F328-4755-885F-E713BD7E7DAD}.Debug|x86.ActiveCfg = Debug|Any CPU
		{FB325FE1-F328-4755-885F-E713BD7E7DAD}.Debug|x86.Build.0 = Debug|Any CPU
		{FB325FE1-F328-4755-885F-E713BD7E7DAD}.Release|Any CPU.ActiveCfg = Release|Any CPU
		{FB325FE1-F328-4755-885F-E713BD7E7DAD}.Release|Any CPU.Build.0 = Release|Any CPU
		{FB325FE1-F328-4755-885F-E713BD7E7DAD}.Release|x86.ActiveCfg = Release|Any CPU
		{FB325FE1-F328-4755-885F-E713BD7E7DAD}.Release|x86.Build.0 = Release|Any CPU
		{D6B543CB-0223-4210-BB0F-7D8250760895}.Debug|Any CPU.ActiveCfg = Debug|Any CPU
		{D6B543CB-0223-4210-BB0F-7D8250760895}.Debug|Any CPU.Build.0 = Debug|Any CPU
		{D6B543CB-0223-4210-BB0F-7D8250760895}.Debug|x86.ActiveCfg = Debug|Any CPU
		{D6B543CB-0223-4210-BB0F-7D8250760895}.Debug|x86.Build.0 = Debug|Any CPU
		{D6B543CB-0223-4210-BB0F-7D8250760895}.Release|Any CPU.ActiveCfg = Release|Any CPU
		{D6B543CB-0223-4210-BB0F-7D8250760895}.Release|Any CPU.Build.0 = Release|Any CPU
		{D6B543CB-0223-4210-BB0F-7D8250760895}.Release|x86.ActiveCfg = Release|Any CPU
		{D6B543CB-0223-4210-BB0F-7D8250760895}.Release|x86.Build.0 = Release|Any CPU
		{80486551-A659-42B0-AADA-165C54E9B0AF}.Debug|Any CPU.ActiveCfg = Debug|Any CPU
		{80486551-A659-42B0-AADA-165C54E9B0AF}.Debug|Any CPU.Build.0 = Debug|Any CPU
		{80486551-A659-42B0-AADA-165C54E9B0AF}.Debug|x86.ActiveCfg = Debug|Any CPU
		{80486551-A659-42B0-AADA-165C54E9B0AF}.Debug|x86.Build.0 = Debug|Any CPU
		{80486551-A659-42B0-AADA-165C54E9B0AF}.Release|Any CPU.ActiveCfg = Release|Any CPU
		{80486551-A659-42B0-AADA-165C54E9B0AF}.Release|Any CPU.Build.0 = Release|Any CPU
		{80486551-A659-42B0-AADA-165C54E9B0AF}.Release|x86.ActiveCfg = Release|Any CPU
		{80486551-A659-42B0-AADA-165C54E9B0AF}.Release|x86.Build.0 = Release|Any CPU
		{5F16D8E4-A0F1-4341-83A0-3897FC44EBB8}.Debug|Any CPU.ActiveCfg = Debug|Any CPU
		{5F16D8E4-A0F1-4341-83A0-3897FC44EBB8}.Debug|Any CPU.Build.0 = Debug|Any CPU
		{5F16D8E4-A0F1-4341-83A0-3897FC44EBB8}.Debug|x86.ActiveCfg = Debug|Any CPU
		{5F16D8E4-A0F1-4341-83A0-3897FC44EBB8}.Debug|x86.Build.0 = Debug|Any CPU
		{5F16D8E4-A0F1-4341-83A0-3897FC44EBB8}.Release|Any CPU.ActiveCfg = Release|Any CPU
		{5F16D8E4-A0F1-4341-83A0-3897FC44EBB8}.Release|Any CPU.Build.0 = Release|Any CPU
		{5F16D8E4-A0F1-4341-83A0-3897FC44EBB8}.Release|x86.ActiveCfg = Release|Any CPU
		{5F16D8E4-A0F1-4341-83A0-3897FC44EBB8}.Release|x86.Build.0 = Release|Any CPU
		{4B2BDD5A-2AAE-46AE-AA1A-8C9308BAA50D}.Debug|Any CPU.ActiveCfg = Debug|x86
		{4B2BDD5A-2AAE-46AE-AA1A-8C9308BAA50D}.Debug|Any CPU.Build.0 = Debug|x86
		{4B2BDD5A-2AAE-46AE-AA1A-8C9308BAA50D}.Debug|x86.ActiveCfg = Debug|x86
		{4B2BDD5A-2AAE-46AE-AA1A-8C9308BAA50D}.Debug|x86.Build.0 = Debug|x86
		{4B2BDD5A-2AAE-46AE-AA1A-8C9308BAA50D}.Release|Any CPU.ActiveCfg = Release|x86
		{4B2BDD5A-2AAE-46AE-AA1A-8C9308BAA50D}.Release|Any CPU.Build.0 = Release|x86
		{4B2BDD5A-2AAE-46AE-AA1A-8C9308BAA50D}.Release|x86.ActiveCfg = Release|x86
		{4B2BDD5A-2AAE-46AE-AA1A-8C9308BAA50D}.Release|x86.Build.0 = Release|x86
		{8799EA66-04E0-4075-95FE-BF0EC1BC88A1}.Debug|Any CPU.ActiveCfg = Debug|Any CPU
		{8799EA66-04E0-4075-95FE-BF0EC1BC88A1}.Debug|Any CPU.Build.0 = Debug|Any CPU
		{8799EA66-04E0-4075-95FE-BF0EC1BC88A1}.Debug|x86.ActiveCfg = Debug|Any CPU
		{8799EA66-04E0-4075-95FE-BF0EC1BC88A1}.Debug|x86.Build.0 = Debug|Any CPU
		{8799EA66-04E0-4075-95FE-BF0EC1BC88A1}.Release|Any CPU.ActiveCfg = Release|Any CPU
		{8799EA66-04E0-4075-95FE-BF0EC1BC88A1}.Release|Any CPU.Build.0 = Release|Any CPU
		{8799EA66-04E0-4075-95FE-BF0EC1BC88A1}.Release|x86.ActiveCfg = Release|Any CPU
		{8799EA66-04E0-4075-95FE-BF0EC1BC88A1}.Release|x86.Build.0 = Release|Any CPU
		{56D2F029-2E73-4CF9-80C7-6175A9DBCFFE}.Debug|Any CPU.ActiveCfg = Debug|Any CPU
		{56D2F029-2E73-4CF9-80C7-6175A9DBCFFE}.Debug|Any CPU.Build.0 = Debug|Any CPU
		{56D2F029-2E73-4CF9-80C7-6175A9DBCFFE}.Debug|x86.ActiveCfg = Debug|Any CPU
		{56D2F029-2E73-4CF9-80C7-6175A9DBCFFE}.Debug|x86.Build.0 = Debug|Any CPU
		{56D2F029-2E73-4CF9-80C7-6175A9DBCFFE}.Release|Any CPU.ActiveCfg = Release|Any CPU
		{56D2F029-2E73-4CF9-80C7-6175A9DBCFFE}.Release|Any CPU.Build.0 = Release|Any CPU
		{56D2F029-2E73-4CF9-80C7-6175A9DBCFFE}.Release|x86.ActiveCfg = Release|Any CPU
		{56D2F029-2E73-4CF9-80C7-6175A9DBCFFE}.Release|x86.Build.0 = Release|Any CPU
	EndGlobalSection
	GlobalSection(SolutionProperties) = preSolution
		HideSolutionNode = FALSE
	EndGlobalSection
	GlobalSection(ExtensibilityGlobals) = postSolution
		SolutionGuid = {3C5C947F-77EA-4045-8138-E7879E85DB0C}
	EndGlobalSection
EndGlobal
