
Microsoft Visual Studio Solution File, Format Version 11.00
# Visual Studio 2010
Project("{FAE04EC0-301F-11D3-BF4B-00C04F79EFBC}") = "Launcher.Mac", "Launcher.Mac.csproj", "{6B5204B6-00C2-481C-92DB-D58648552F86}"
EndProject
Project("{FAE04EC0-301F-11D3-BF4B-00C04F79EFBC}") = "Yuzu.Mac", "..\..\Yuzu\Yuzu.Mac.csproj", "{5F16D8E4-A0F1-4341-83A0-3897FC44EBB8}"
EndProject
Global
	GlobalSection(SolutionConfigurationPlatforms) = preSolution
		Debug|x86 = Debug|x86
		Release|x86 = Release|x86
	EndGlobalSection
	GlobalSection(ProjectConfigurationPlatforms) = postSolution
		{6B5204B6-00C2-481C-92DB-D58648552F86}.Debug|x86.ActiveCfg = Debug|Any CPU
		{6B5204B6-00C2-481C-92DB-D58648552F86}.Release|x86.ActiveCfg = Release|Any CPU
		{6B5204B6-00C2-481C-92DB-D58648552F86}.Debug|x86.Build.0 = Debug|Any CPU
		{6B5204B6-00C2-481C-92DB-D58648552F86}.Release|x86.Build.0 = Release|Any CPU
		{5F16D8E4-A0F1-4341-83A0-3897FC44EBB8}.Debug|x86.ActiveCfg = Debug|Any CPU
		{5F16D8E4-A0F1-4341-83A0-3897FC44EBB8}.Debug|x86.Build.0 = Debug|Any CPU
		{5F16D8E4-A0F1-4341-83A0-3897FC44EBB8}.Release|x86.ActiveCfg = Release|Any CPU
		{5F16D8E4-A0F1-4341-83A0-3897FC44EBB8}.Release|x86.Build.0 = Release|Any CPU
	EndGlobalSection
	GlobalSection(MonoDevelopProperties) = preSolution
		Policies = $0
		$0.TextStylePolicy = $1
		$1.FileWidth = 120
		$1.TabsToSpaces = False
		$1.EolMarker = Windows
		$1.inheritsSet = VisualStudio
		$1.inheritsScope = text/plain
		$1.scope = text/x-csharp
		$0.CSharpFormattingPolicy = $2
		$2.BeforeMethodDeclarationParentheses = False
		$2.BeforeMethodCallParentheses = False
		$2.BeforeConstructorDeclarationParentheses = False
		$2.BeforeIndexerDeclarationBracket = False
		$2.BeforeDelegateDeclarationParentheses = False
		$2.NewParentheses = False
		$2.SpacesBeforeBrackets = False
		$2.inheritsSet = Mono
		$2.inheritsScope = text/x-csharp
		$2.scope = text/x-csharp
		$0.TextStylePolicy = $3
		$3.FileWidth = 120
		$3.TabWidth = 4
		$3.EolMarker = Windows
		$3.inheritsSet = Mono
		$3.inheritsScope = text/plain
		$3.scope = text/plain
		$0.TextStylePolicy = $4
		$4.inheritsSet = null
		$4.scope = text/x-csrc
		$0.StandardHeader = $5
		$5.Text =
		$5.IncludeInNewFiles = True
		$0.DotNetNamingPolicy = $6
		$6.DirectoryNamespaceAssociation = None
		$6.ResourceNamePolicy = FileFormatDefault
		$0.TextStylePolicy = $7
		$7.inheritsSet = null
		$7.scope = application/xml
		$0.XmlFormattingPolicy = $8
		$8.inheritsSet = Mono
		$8.inheritsScope = application/xml
		$8.scope = application/xml
	EndGlobalSection
EndGlobal
