
Microsoft Visual Studio Solution File, Format Version 12.00
# Visual Studio 15
VisualStudioVersion = 15.0.27428.2037
MinimumVisualStudioVersion = 10.0.40219.1
Project("{FAE04EC0-301F-11D3-BF4B-00C04F79EFBC}") = "Launcher.Win", "Launcher.Win.csproj", "{B12073D7-087A-4EB1-8D58-27E54D5ED19C}"
EndProject
Project("{FAE04EC0-301F-11D3-BF4B-00C04F79EFBC}") = "Yuzu", "..\..\Yuzu\Yuzu.csproj", "{DDD2DFE9-CED2-4CEA-ADF0-5A6865865A46}"
EndProject
Global
	GlobalSection(SolutionConfigurationPlatforms) = preSolution
		Debug|Any CPU = Debug|Any CPU
		Debug|Mixed Platforms = Debug|Mixed Platforms
		Debug|x86 = Debug|x86
		Release|Any CPU = Release|Any CPU
		Release|Mixed Platforms = Release|Mixed Platforms
		Release|x86 = Release|x86
	EndGlobalSection
	GlobalSection(ProjectConfigurationPlatforms) = postSolution
		{B12073D7-087A-4EB1-8D58-27E54D5ED19C}.Debug|Any CPU.ActiveCfg = Debug|Any CPU
		{B12073D7-087A-4EB1-8D58-27E54D5ED19C}.Debug|Any CPU.Build.0 = Debug|Any CPU
		{B12073D7-087A-4EB1-8D58-27E54D5ED19C}.Debug|Mixed Platforms.ActiveCfg = Debug|x86
		{B12073D7-087A-4EB1-8D58-27E54D5ED19C}.Debug|Mixed Platforms.Build.0 = Debug|x86
		{B12073D7-087A-4EB1-8D58-27E54D5ED19C}.Debug|x86.ActiveCfg = Debug|x86
		{B12073D7-087A-4EB1-8D58-27E54D5ED19C}.Debug|x86.Build.0 = Debug|x86
		{B12073D7-087A-4EB1-8D58-27E54D5ED19C}.Release|Any CPU.ActiveCfg = Release|Any CPU
		{B12073D7-087A-4EB1-8D58-27E54D5ED19C}.Release|Any CPU.Build.0 = Release|Any CPU
		{B12073D7-087A-4EB1-8D58-27E54D5ED19C}.Release|Mixed Platforms.ActiveCfg = Release|x86
		{B12073D7-087A-4EB1-8D58-27E54D5ED19C}.Release|Mixed Platforms.Build.0 = Release|x86
		{B12073D7-087A-4EB1-8D58-27E54D5ED19C}.Release|x86.ActiveCfg = Release|x86
		{B12073D7-087A-4EB1-8D58-27E54D5ED19C}.Release|x86.Build.0 = Release|x86
		{DDD2DFE9-CED2-4CEA-ADF0-5A6865865A46}.Debug|Any CPU.ActiveCfg = Debug|Any CPU
		{DDD2DFE9-CED2-4CEA-ADF0-5A6865865A46}.Debug|Any CPU.Build.0 = Debug|Any CPU
		{DDD2DFE9-CED2-4CEA-ADF0-5A6865865A46}.Debug|Mixed Platforms.ActiveCfg = Debug|x86
		{DDD2DFE9-CED2-4CEA-ADF0-5A6865865A46}.Debug|Mixed Platforms.Build.0 = Debug|x86
		{DDD2DFE9-CED2-4CEA-ADF0-5A6865865A46}.Debug|x86.ActiveCfg = Debug|x86
		{DDD2DFE9-CED2-4CEA-ADF0-5A6865865A46}.Debug|x86.Build.0 = Debug|x86
		{DDD2DFE9-CED2-4CEA-ADF0-5A6865865A46}.Release|Any CPU.ActiveCfg = Release|Any CPU
		{DDD2DFE9-CED2-4CEA-ADF0-5A6865865A46}.Release|Any CPU.Build.0 = Release|Any CPU
		{DDD2DFE9-CED2-4CEA-ADF0-5A6865865A46}.Release|Mixed Platforms.ActiveCfg = Release|x86
		{DDD2DFE9-CED2-4CEA-ADF0-5A6865865A46}.Release|Mixed Platforms.Build.0 = Release|x86
		{DDD2DFE9-CED2-4CEA-ADF0-5A6865865A46}.Release|x86.ActiveCfg = Release|x86
		{DDD2DFE9-CED2-4CEA-ADF0-5A6865865A46}.Release|x86.Build.0 = Release|x86
	EndGlobalSection
	GlobalSection(SolutionProperties) = preSolution
		HideSolutionNode = FALSE
	EndGlobalSection
	GlobalSection(ExtensibilityGlobals) = postSolution
		SolutionGuid = {E55FD178-141D-4EB3-9160-36F70DA278D6}
	EndGlobalSection
	GlobalSection(MonoDevelopProperties) = preSolution
		StartupItem = Orange.Win.csproj
	EndGlobalSection
EndGlobal
