
Microsoft Visual Studio Solution File, Format Version 12.00
# Visual Studio 14
VisualStudioVersion = 14.0.24720.0
MinimumVisualStudioVersion = 10.0.40219.1
Project("{FAE04EC0-301F-11D3-BF4B-00C04F79EFBC}") = "Lime.Win", "..\..\Citrus\Lime\Lime.Win.csproj", "{FC2DE6C9-641A-4230-8D29-EA4035CD8708}"
EndProject
Project("{FAE04EC0-301F-11D3-BF4B-00C04F79EFBC}") = "Lemon.Win", "..\..\Citrus\Lemon\Lemon.Win.csproj", "{538E41E4-725C-4521-BCF3-A5591A1A3AFD}"
EndProject
Project("{FAE04EC0-301F-11D3-BF4B-00C04F79EFBC}") = "EmptyProject.Win", "EmptyProject.Win.csproj", "{87884330-1A04-4008-9D2F-05585F4C7E05}"
EndProject
Project("{FAE04EC0-301F-11D3-BF4B-00C04F79EFBC}") = "EmptyProject.Game.Win", "..\EmptyProject.Game\EmptyProject.Game.Win.csproj", "{8DF7F0F3-8C68-4A0E-9573-CC4CA0882A3E}"
EndProject
Global
	GlobalSection(SolutionConfigurationPlatforms) = preSolution
		Debug|x86 = Debug|x86
		Release|x86 = Release|x86
	EndGlobalSection
	GlobalSection(ProjectConfigurationPlatforms) = postSolution
		{FC2DE6C9-641A-4230-8D29-EA4035CD8708}.Debug|x86.ActiveCfg = Debug|x86
		{FC2DE6C9-641A-4230-8D29-EA4035CD8708}.Debug|x86.Build.0 = Debug|x86
		{FC2DE6C9-641A-4230-8D29-EA4035CD8708}.Release|x86.ActiveCfg = Release|x86
		{FC2DE6C9-641A-4230-8D29-EA4035CD8708}.Release|x86.Build.0 = Release|x86
		{538E41E4-725C-4521-BCF3-A5591A1A3AFD}.Debug|x86.ActiveCfg = Debug|x86
		{538E41E4-725C-4521-BCF3-A5591A1A3AFD}.Debug|x86.Build.0 = Debug|x86
		{538E41E4-725C-4521-BCF3-A5591A1A3AFD}.Release|x86.ActiveCfg = Release|x86
		{538E41E4-725C-4521-BCF3-A5591A1A3AFD}.Release|x86.Build.0 = Release|x86
		{87884330-1A04-4008-9D2F-05585F4C7E05}.Debug|x86.ActiveCfg = Debug|x86
		{87884330-1A04-4008-9D2F-05585F4C7E05}.Debug|x86.Build.0 = Debug|x86
		{87884330-1A04-4008-9D2F-05585F4C7E05}.Release|x86.ActiveCfg = Release|x86
		{87884330-1A04-4008-9D2F-05585F4C7E05}.Release|x86.Build.0 = Release|x86
		{8DF7F0F3-8C68-4A0E-9573-CC4CA0882A3E}.Debug|x86.ActiveCfg = Debug|x86
		{8DF7F0F3-8C68-4A0E-9573-CC4CA0882A3E}.Debug|x86.Build.0 = Debug|x86
		{8DF7F0F3-8C68-4A0E-9573-CC4CA0882A3E}.Release|x86.ActiveCfg = Release|x86
		{8DF7F0F3-8C68-4A0E-9573-CC4CA0882A3E}.Release|x86.Build.0 = Release|x86
	EndGlobalSection
	GlobalSection(SolutionProperties) = preSolution
		HideSolutionNode = FALSE
	EndGlobalSection
	GlobalSection(MonoDevelopProperties) = preSolution
		StartupItem = EmptyProject.Win.csproj
		Policies = $0
		$0.DotNetNamingPolicy = $1
		$1.DirectoryNamespaceAssociation = None
		$1.ResourceNamePolicy = FileFormatDefault
	EndGlobalSection
EndGlobal
