
Microsoft Visual Studio Solution File, Format Version 12.00
# Visual Studio Express 14 for Windows Desktop
VisualStudioVersion = 14.0.23107.0
MinimumVisualStudioVersion = 10.0.40219.1
Project("{FAE04EC0-301F-11D3-BF4B-00C04F79EFBC}") = "EmptyProject.Win", "EmptyProject.Win.csproj", "{586DFC69-5C3E-4365-B416-BD8AD512C6B8}"
EndProject
Project("{FAE04EC0-301F-11D3-BF4B-00C04F79EFBC}") = "Lime.Win", "..\..\Citrus\Lime\Lime.Win.csproj", "{FC2DE6C9-641A-4230-8D29-EA4035CD8708}"
EndProject
Project("{FAE04EC0-301F-11D3-BF4B-00C04F79EFBC}") = "EmptyProject.Game.Win", "..\EmptyProject.Game\EmptyProject.Game.Win.csproj", "{5A3AE9DE-49BF-4234-8A69-9FF4295A5C08}"
EndProject
Project("{FAE04EC0-301F-11D3-BF4B-00C04F79EFBC}") = "Lemon.Win", "..\..\Citrus\Lemon\Lemon.Win.csproj", "{538E41E4-725C-4521-BCF3-A5591A1A3AFD}"
EndProject
Project("{FAE04EC0-301F-11D3-BF4B-00C04F79EFBC}") = "Lime.WinTests", "..\..\Citrus\Lime\Lime.WinTests\Lime.WinTests.csproj", "{3CB4D9B6-7B39-4435-985D-0CFA339EF558}"
EndProject
Global
	GlobalSection(SolutionConfigurationPlatforms) = preSolution
		Debug|Any CPU = Debug|Any CPU
		Debug|Mixed Platforms = Debug|Mixed Platforms
		Debug|Win32 = Debug|Win32
		Debug|x86 = Debug|x86
		Documentation|Any CPU = Documentation|Any CPU
		Documentation|Mixed Platforms = Documentation|Mixed Platforms
		Documentation|Win32 = Documentation|Win32
		Documentation|x86 = Documentation|x86
		Nsis|Any CPU = Nsis|Any CPU
		Nsis|Mixed Platforms = Nsis|Mixed Platforms
		Nsis|Win32 = Nsis|Win32
		Nsis|x86 = Nsis|x86
		Release|Any CPU = Release|Any CPU
		Release|Mixed Platforms = Release|Mixed Platforms
		Release|Win32 = Release|Win32
		Release|x86 = Release|x86
	EndGlobalSection
	GlobalSection(ProjectConfigurationPlatforms) = postSolution
		{586DFC69-5C3E-4365-B416-BD8AD512C6B8}.Debug|Any CPU.ActiveCfg = Debug|x86
		{586DFC69-5C3E-4365-B416-BD8AD512C6B8}.Debug|Mixed Platforms.ActiveCfg = Debug|x86
		{586DFC69-5C3E-4365-B416-BD8AD512C6B8}.Debug|Mixed Platforms.Build.0 = Debug|x86
		{586DFC69-5C3E-4365-B416-BD8AD512C6B8}.Debug|Win32.ActiveCfg = Debug|x86
		{586DFC69-5C3E-4365-B416-BD8AD512C6B8}.Debug|x86.ActiveCfg = Debug|x86
		{586DFC69-5C3E-4365-B416-BD8AD512C6B8}.Debug|x86.Build.0 = Debug|x86
		{586DFC69-5C3E-4365-B416-BD8AD512C6B8}.Documentation|Any CPU.ActiveCfg = Debug|x86
		{586DFC69-5C3E-4365-B416-BD8AD512C6B8}.Documentation|Mixed Platforms.ActiveCfg = Debug|x86
		{586DFC69-5C3E-4365-B416-BD8AD512C6B8}.Documentation|Mixed Platforms.Build.0 = Debug|x86
		{586DFC69-5C3E-4365-B416-BD8AD512C6B8}.Documentation|Win32.ActiveCfg = Debug|x86
		{586DFC69-5C3E-4365-B416-BD8AD512C6B8}.Documentation|x86.ActiveCfg = Debug|x86
		{586DFC69-5C3E-4365-B416-BD8AD512C6B8}.Documentation|x86.Build.0 = Debug|x86
		{586DFC69-5C3E-4365-B416-BD8AD512C6B8}.Nsis|Any CPU.ActiveCfg = Release|x86
		{586DFC69-5C3E-4365-B416-BD8AD512C6B8}.Nsis|Mixed Platforms.ActiveCfg = Release|x86
		{586DFC69-5C3E-4365-B416-BD8AD512C6B8}.Nsis|Mixed Platforms.Build.0 = Release|x86
		{586DFC69-5C3E-4365-B416-BD8AD512C6B8}.Nsis|Win32.ActiveCfg = Release|x86
		{586DFC69-5C3E-4365-B416-BD8AD512C6B8}.Nsis|x86.ActiveCfg = Release|x86
		{586DFC69-5C3E-4365-B416-BD8AD512C6B8}.Nsis|x86.Build.0 = Release|x86
		{586DFC69-5C3E-4365-B416-BD8AD512C6B8}.Release|Any CPU.ActiveCfg = Release|x86
		{586DFC69-5C3E-4365-B416-BD8AD512C6B8}.Release|Mixed Platforms.ActiveCfg = Release|x86
		{586DFC69-5C3E-4365-B416-BD8AD512C6B8}.Release|Mixed Platforms.Build.0 = Release|x86
		{586DFC69-5C3E-4365-B416-BD8AD512C6B8}.Release|Win32.ActiveCfg = Release|x86
		{586DFC69-5C3E-4365-B416-BD8AD512C6B8}.Release|x86.ActiveCfg = Release|x86
		{586DFC69-5C3E-4365-B416-BD8AD512C6B8}.Release|x86.Build.0 = Release|x86
		{FC2DE6C9-641A-4230-8D29-EA4035CD8708}.Debug|Any CPU.ActiveCfg = Debug|x86
		{FC2DE6C9-641A-4230-8D29-EA4035CD8708}.Debug|Mixed Platforms.ActiveCfg = Debug|x86
		{FC2DE6C9-641A-4230-8D29-EA4035CD8708}.Debug|Mixed Platforms.Build.0 = Debug|x86
		{FC2DE6C9-641A-4230-8D29-EA4035CD8708}.Debug|Win32.ActiveCfg = Debug|x86
		{FC2DE6C9-641A-4230-8D29-EA4035CD8708}.Debug|x86.ActiveCfg = Debug|x86
		{FC2DE6C9-641A-4230-8D29-EA4035CD8708}.Debug|x86.Build.0 = Debug|x86
		{FC2DE6C9-641A-4230-8D29-EA4035CD8708}.Documentation|Any CPU.ActiveCfg = Debug|x86
		{FC2DE6C9-641A-4230-8D29-EA4035CD8708}.Documentation|Mixed Platforms.ActiveCfg = Debug|x86
		{FC2DE6C9-641A-4230-8D29-EA4035CD8708}.Documentation|Mixed Platforms.Build.0 = Debug|x86
		{FC2DE6C9-641A-4230-8D29-EA4035CD8708}.Documentation|Win32.ActiveCfg = Debug|x86
		{FC2DE6C9-641A-4230-8D29-EA4035CD8708}.Documentation|x86.ActiveCfg = Debug|x86
		{FC2DE6C9-641A-4230-8D29-EA4035CD8708}.Documentation|x86.Build.0 = Debug|x86
		{FC2DE6C9-641A-4230-8D29-EA4035CD8708}.Nsis|Any CPU.ActiveCfg = Release|x86
		{FC2DE6C9-641A-4230-8D29-EA4035CD8708}.Nsis|Mixed Platforms.ActiveCfg = Release|x86
		{FC2DE6C9-641A-4230-8D29-EA4035CD8708}.Nsis|Mixed Platforms.Build.0 = Release|x86
		{FC2DE6C9-641A-4230-8D29-EA4035CD8708}.Nsis|Win32.ActiveCfg = Release|x86
		{FC2DE6C9-641A-4230-8D29-EA4035CD8708}.Nsis|x86.ActiveCfg = Release|x86
		{FC2DE6C9-641A-4230-8D29-EA4035CD8708}.Nsis|x86.Build.0 = Release|x86
		{FC2DE6C9-641A-4230-8D29-EA4035CD8708}.Release|Any CPU.ActiveCfg = Release|x86
		{FC2DE6C9-641A-4230-8D29-EA4035CD8708}.Release|Mixed Platforms.ActiveCfg = Release|x86
		{FC2DE6C9-641A-4230-8D29-EA4035CD8708}.Release|Mixed Platforms.Build.0 = Release|x86
		{FC2DE6C9-641A-4230-8D29-EA4035CD8708}.Release|Win32.ActiveCfg = Release|x86
		{FC2DE6C9-641A-4230-8D29-EA4035CD8708}.Release|x86.ActiveCfg = Release|x86
		{FC2DE6C9-641A-4230-8D29-EA4035CD8708}.Release|x86.Build.0 = Release|x86
		{5A3AE9DE-49BF-4234-8A69-9FF4295A5C08}.Debug|Any CPU.ActiveCfg = Debug|x86
		{5A3AE9DE-49BF-4234-8A69-9FF4295A5C08}.Debug|Mixed Platforms.ActiveCfg = Debug|x86
		{5A3AE9DE-49BF-4234-8A69-9FF4295A5C08}.Debug|Mixed Platforms.Build.0 = Debug|x86
		{5A3AE9DE-49BF-4234-8A69-9FF4295A5C08}.Debug|Win32.ActiveCfg = Debug|x86
		{5A3AE9DE-49BF-4234-8A69-9FF4295A5C08}.Debug|x86.ActiveCfg = Debug|x86
		{5A3AE9DE-49BF-4234-8A69-9FF4295A5C08}.Debug|x86.Build.0 = Debug|x86
		{5A3AE9DE-49BF-4234-8A69-9FF4295A5C08}.Documentation|Any CPU.ActiveCfg = Debug|x86
		{5A3AE9DE-49BF-4234-8A69-9FF4295A5C08}.Documentation|Mixed Platforms.ActiveCfg = Debug|x86
		{5A3AE9DE-49BF-4234-8A69-9FF4295A5C08}.Documentation|Mixed Platforms.Build.0 = Debug|x86
		{5A3AE9DE-49BF-4234-8A69-9FF4295A5C08}.Documentation|Win32.ActiveCfg = Debug|x86
		{5A3AE9DE-49BF-4234-8A69-9FF4295A5C08}.Documentation|x86.ActiveCfg = Debug|x86
		{5A3AE9DE-49BF-4234-8A69-9FF4295A5C08}.Documentation|x86.Build.0 = Debug|x86
		{5A3AE9DE-49BF-4234-8A69-9FF4295A5C08}.Nsis|Any CPU.ActiveCfg = Release|x86
		{5A3AE9DE-49BF-4234-8A69-9FF4295A5C08}.Nsis|Mixed Platforms.ActiveCfg = Release|x86
		{5A3AE9DE-49BF-4234-8A69-9FF4295A5C08}.Nsis|Mixed Platforms.Build.0 = Release|x86
		{5A3AE9DE-49BF-4234-8A69-9FF4295A5C08}.Nsis|Win32.ActiveCfg = Release|x86
		{5A3AE9DE-49BF-4234-8A69-9FF4295A5C08}.Nsis|x86.ActiveCfg = Release|x86
		{5A3AE9DE-49BF-4234-8A69-9FF4295A5C08}.Nsis|x86.Build.0 = Release|x86
		{5A3AE9DE-49BF-4234-8A69-9FF4295A5C08}.Release|Any CPU.ActiveCfg = Release|x86
		{5A3AE9DE-49BF-4234-8A69-9FF4295A5C08}.Release|Mixed Platforms.ActiveCfg = Release|x86
		{5A3AE9DE-49BF-4234-8A69-9FF4295A5C08}.Release|Mixed Platforms.Build.0 = Release|x86
		{5A3AE9DE-49BF-4234-8A69-9FF4295A5C08}.Release|Win32.ActiveCfg = Release|x86
		{5A3AE9DE-49BF-4234-8A69-9FF4295A5C08}.Release|x86.ActiveCfg = Release|x86
		{5A3AE9DE-49BF-4234-8A69-9FF4295A5C08}.Release|x86.Build.0 = Release|x86
		{538E41E4-725C-4521-BCF3-A5591A1A3AFD}.Debug|Any CPU.ActiveCfg = Debug|Any CPU
		{538E41E4-725C-4521-BCF3-A5591A1A3AFD}.Debug|Any CPU.Build.0 = Debug|Any CPU
		{538E41E4-725C-4521-BCF3-A5591A1A3AFD}.Debug|Mixed Platforms.ActiveCfg = Debug|x86
		{538E41E4-725C-4521-BCF3-A5591A1A3AFD}.Debug|Mixed Platforms.Build.0 = Debug|x86
		{538E41E4-725C-4521-BCF3-A5591A1A3AFD}.Debug|Win32.ActiveCfg = Debug|Any CPU
		{538E41E4-725C-4521-BCF3-A5591A1A3AFD}.Debug|x86.ActiveCfg = Debug|x86
		{538E41E4-725C-4521-BCF3-A5591A1A3AFD}.Debug|x86.Build.0 = Debug|x86
		{538E41E4-725C-4521-BCF3-A5591A1A3AFD}.Documentation|Any CPU.ActiveCfg = Debug|Any CPU
		{538E41E4-725C-4521-BCF3-A5591A1A3AFD}.Documentation|Any CPU.Build.0 = Debug|Any CPU
		{538E41E4-725C-4521-BCF3-A5591A1A3AFD}.Documentation|Mixed Platforms.ActiveCfg = Debug|Any CPU
		{538E41E4-725C-4521-BCF3-A5591A1A3AFD}.Documentation|Mixed Platforms.Build.0 = Debug|Any CPU
		{538E41E4-725C-4521-BCF3-A5591A1A3AFD}.Documentation|Win32.ActiveCfg = Debug|Any CPU
		{538E41E4-725C-4521-BCF3-A5591A1A3AFD}.Documentation|x86.ActiveCfg = Debug|Any CPU
		{538E41E4-725C-4521-BCF3-A5591A1A3AFD}.Nsis|Any CPU.ActiveCfg = Release|Any CPU
		{538E41E4-725C-4521-BCF3-A5591A1A3AFD}.Nsis|Any CPU.Build.0 = Release|Any CPU
		{538E41E4-725C-4521-BCF3-A5591A1A3AFD}.Nsis|Mixed Platforms.ActiveCfg = Release|Any CPU
		{538E41E4-725C-4521-BCF3-A5591A1A3AFD}.Nsis|Mixed Platforms.Build.0 = Release|Any CPU
		{538E41E4-725C-4521-BCF3-A5591A1A3AFD}.Nsis|Win32.ActiveCfg = Release|Any CPU
		{538E41E4-725C-4521-BCF3-A5591A1A3AFD}.Nsis|x86.ActiveCfg = Release|Any CPU
		{538E41E4-725C-4521-BCF3-A5591A1A3AFD}.Release|Any CPU.ActiveCfg = Release|Any CPU
		{538E41E4-725C-4521-BCF3-A5591A1A3AFD}.Release|Any CPU.Build.0 = Release|Any CPU
		{538E41E4-725C-4521-BCF3-A5591A1A3AFD}.Release|Mixed Platforms.ActiveCfg = Release|Any CPU
		{538E41E4-725C-4521-BCF3-A5591A1A3AFD}.Release|Mixed Platforms.Build.0 = Release|Any CPU
		{538E41E4-725C-4521-BCF3-A5591A1A3AFD}.Release|Win32.ActiveCfg = Release|Any CPU
		{538E41E4-725C-4521-BCF3-A5591A1A3AFD}.Release|x86.ActiveCfg = Release|x86
		{538E41E4-725C-4521-BCF3-A5591A1A3AFD}.Release|x86.Build.0 = Release|x86
		{3CB4D9B6-7B39-4435-985D-0CFA339EF558}.Debug|Any CPU.ActiveCfg = Debug|Any CPU
		{3CB4D9B6-7B39-4435-985D-0CFA339EF558}.Debug|Any CPU.Build.0 = Debug|Any CPU
		{3CB4D9B6-7B39-4435-985D-0CFA339EF558}.Debug|Mixed Platforms.ActiveCfg = Debug|Any CPU
		{3CB4D9B6-7B39-4435-985D-0CFA339EF558}.Debug|Mixed Platforms.Build.0 = Debug|Any CPU
		{3CB4D9B6-7B39-4435-985D-0CFA339EF558}.Debug|Win32.ActiveCfg = Debug|Any CPU
		{3CB4D9B6-7B39-4435-985D-0CFA339EF558}.Debug|Win32.Build.0 = Debug|Any CPU
		{3CB4D9B6-7B39-4435-985D-0CFA339EF558}.Debug|x86.ActiveCfg = Debug|Any CPU
		{3CB4D9B6-7B39-4435-985D-0CFA339EF558}.Debug|x86.Build.0 = Debug|Any CPU
		{3CB4D9B6-7B39-4435-985D-0CFA339EF558}.Documentation|Any CPU.ActiveCfg = Debug|Any CPU
		{3CB4D9B6-7B39-4435-985D-0CFA339EF558}.Documentation|Any CPU.Build.0 = Debug|Any CPU
		{3CB4D9B6-7B39-4435-985D-0CFA339EF558}.Documentation|Mixed Platforms.ActiveCfg = Debug|Any CPU
		{3CB4D9B6-7B39-4435-985D-0CFA339EF558}.Documentation|Mixed Platforms.Build.0 = Debug|Any CPU
		{3CB4D9B6-7B39-4435-985D-0CFA339EF558}.Documentation|Win32.ActiveCfg = Debug|Any CPU
		{3CB4D9B6-7B39-4435-985D-0CFA339EF558}.Documentation|Win32.Build.0 = Debug|Any CPU
		{3CB4D9B6-7B39-4435-985D-0CFA339EF558}.Documentation|x86.ActiveCfg = Debug|Any CPU
		{3CB4D9B6-7B39-4435-985D-0CFA339EF558}.Documentation|x86.Build.0 = Debug|Any CPU
		{3CB4D9B6-7B39-4435-985D-0CFA339EF558}.Nsis|Any CPU.ActiveCfg = Release|Any CPU
		{3CB4D9B6-7B39-4435-985D-0CFA339EF558}.Nsis|Any CPU.Build.0 = Release|Any CPU
		{3CB4D9B6-7B39-4435-985D-0CFA339EF558}.Nsis|Mixed Platforms.ActiveCfg = Release|Any CPU
		{3CB4D9B6-7B39-4435-985D-0CFA339EF558}.Nsis|Mixed Platforms.Build.0 = Release|Any CPU
		{3CB4D9B6-7B39-4435-985D-0CFA339EF558}.Nsis|Win32.ActiveCfg = Release|Any CPU
		{3CB4D9B6-7B39-4435-985D-0CFA339EF558}.Nsis|Win32.Build.0 = Release|Any CPU
		{3CB4D9B6-7B39-4435-985D-0CFA339EF558}.Nsis|x86.ActiveCfg = Release|Any CPU
		{3CB4D9B6-7B39-4435-985D-0CFA339EF558}.Nsis|x86.Build.0 = Release|Any CPU
		{3CB4D9B6-7B39-4435-985D-0CFA339EF558}.Release|Any CPU.ActiveCfg = Release|Any CPU
		{3CB4D9B6-7B39-4435-985D-0CFA339EF558}.Release|Any CPU.Build.0 = Release|Any CPU
		{3CB4D9B6-7B39-4435-985D-0CFA339EF558}.Release|Mixed Platforms.ActiveCfg = Release|Any CPU
		{3CB4D9B6-7B39-4435-985D-0CFA339EF558}.Release|Mixed Platforms.Build.0 = Release|Any CPU
		{3CB4D9B6-7B39-4435-985D-0CFA339EF558}.Release|Win32.ActiveCfg = Release|Any CPU
		{3CB4D9B6-7B39-4435-985D-0CFA339EF558}.Release|Win32.Build.0 = Release|Any CPU
		{3CB4D9B6-7B39-4435-985D-0CFA339EF558}.Release|x86.ActiveCfg = Release|Any CPU
		{3CB4D9B6-7B39-4435-985D-0CFA339EF558}.Release|x86.Build.0 = Release|Any CPU
	EndGlobalSection
	GlobalSection(SolutionProperties) = preSolution
		HideSolutionNode = FALSE
	EndGlobalSection
	GlobalSection(MonoDevelopProperties) = preSolution
		StartupItem = EmptyProject.Win.csproj
		Policies = $0
		$0.DotNetNamingPolicy = $1
		$1.DirectoryNamespaceAssociation = None
		$1.ResourceNamePolicy = FileFormatDefault
	EndGlobalSection
EndGlobal
