
Microsoft Visual Studio Solution File, Format Version 12.00
# Visual Studio Express 2012 for Windows Desktop
Project("{FAE04EC0-301F-11D3-BF4B-00C04F79EFBC}") = "Tangerine", "Tangerine.csproj", "{B16BCAB9-4526-417E-8DDF-783858A9EA10}"
EndProject
Project("{FAE04EC0-301F-11D3-BF4B-00C04F79EFBC}") = "Qyoto", "Qyoto\Qyoto.csproj", "{C43C2723-85DB-4AC6-A59A-A0B170DBA797}"
EndProject
Project("{FAE04EC0-301F-11D3-BF4B-00C04F79EFBC}") = "Lime.Win", "..\Lime\Lime.Win.csproj", "{FC2DE6C9-641A-4230-8D29-EA4035CD8708}"
EndProject
Project("{FAE04EC0-301F-11D3-BF4B-00C04F79EFBC}") = "Lemon.Win", "..\Lemon\Lemon.Win.csproj", "{538E41E4-725C-4521-BCF3-A5591A1A3AFD}"
EndProject
Global
	GlobalSection(SolutionConfigurationPlatforms) = preSolution
		Debug|Any CPU = Debug|Any CPU
		Debug|Mixed Platforms = Debug|Mixed Platforms
		Debug|x86 = Debug|x86
		Release|Any CPU = Release|Any CPU
		Release|Mixed Platforms = Release|Mixed Platforms
		Release|x86 = Release|x86
	EndGlobalSection
	GlobalSection(ProjectConfigurationPlatforms) = postSolution
		{B16BCAB9-4526-417E-8DDF-783858A9EA10}.Debug|Any CPU.ActiveCfg = Debug|Any CPU
		{B16BCAB9-4526-417E-8DDF-783858A9EA10}.Debug|Any CPU.Build.0 = Debug|Any CPU
		{B16BCAB9-4526-417E-8DDF-783858A9EA10}.Debug|Mixed Platforms.ActiveCfg = Debug|Any CPU
		{B16BCAB9-4526-417E-8DDF-783858A9EA10}.Debug|Mixed Platforms.Build.0 = Debug|Any CPU
		{B16BCAB9-4526-417E-8DDF-783858A9EA10}.Debug|x86.ActiveCfg = Debug|Any CPU
		{B16BCAB9-4526-417E-8DDF-783858A9EA10}.Release|Any CPU.ActiveCfg = Release|Any CPU
		{B16BCAB9-4526-417E-8DDF-783858A9EA10}.Release|Any CPU.Build.0 = Release|Any CPU
		{B16BCAB9-4526-417E-8DDF-783858A9EA10}.Release|Mixed Platforms.ActiveCfg = Release|Any CPU
		{B16BCAB9-4526-417E-8DDF-783858A9EA10}.Release|Mixed Platforms.Build.0 = Release|Any CPU
		{B16BCAB9-4526-417E-8DDF-783858A9EA10}.Release|x86.ActiveCfg = Release|Any CPU
		{C43C2723-85DB-4AC6-A59A-A0B170DBA797}.Debug|Any CPU.ActiveCfg = Debug|Any CPU
		{C43C2723-85DB-4AC6-A59A-A0B170DBA797}.Debug|Any CPU.Build.0 = Debug|Any CPU
		{C43C2723-85DB-4AC6-A59A-A0B170DBA797}.Debug|Mixed Platforms.ActiveCfg = Debug|Any CPU
		{C43C2723-85DB-4AC6-A59A-A0B170DBA797}.Debug|Mixed Platforms.Build.0 = Debug|Any CPU
		{C43C2723-85DB-4AC6-A59A-A0B170DBA797}.Debug|x86.ActiveCfg = Debug|Any CPU
		{C43C2723-85DB-4AC6-A59A-A0B170DBA797}.Release|Any CPU.ActiveCfg = Release|Any CPU
		{C43C2723-85DB-4AC6-A59A-A0B170DBA797}.Release|Any CPU.Build.0 = Release|Any CPU
		{C43C2723-85DB-4AC6-A59A-A0B170DBA797}.Release|Mixed Platforms.ActiveCfg = Release|Any CPU
		{C43C2723-85DB-4AC6-A59A-A0B170DBA797}.Release|Mixed Platforms.Build.0 = Release|Any CPU
		{C43C2723-85DB-4AC6-A59A-A0B170DBA797}.Release|x86.ActiveCfg = Release|Any CPU
		{FC2DE6C9-641A-4230-8D29-EA4035CD8708}.Debug|Any CPU.ActiveCfg = Debug|x86
		{FC2DE6C9-641A-4230-8D29-EA4035CD8708}.Debug|Mixed Platforms.ActiveCfg = Debug|x86
		{FC2DE6C9-641A-4230-8D29-EA4035CD8708}.Debug|Mixed Platforms.Build.0 = Debug|x86
		{FC2DE6C9-641A-4230-8D29-EA4035CD8708}.Debug|x86.ActiveCfg = Debug|x86
		{FC2DE6C9-641A-4230-8D29-EA4035CD8708}.Debug|x86.Build.0 = Debug|x86
		{FC2DE6C9-641A-4230-8D29-EA4035CD8708}.Release|Any CPU.ActiveCfg = Release|x86
		{FC2DE6C9-641A-4230-8D29-EA4035CD8708}.Release|Mixed Platforms.ActiveCfg = Release|x86
		{FC2DE6C9-641A-4230-8D29-EA4035CD8708}.Release|Mixed Platforms.Build.0 = Release|x86
		{FC2DE6C9-641A-4230-8D29-EA4035CD8708}.Release|x86.ActiveCfg = Release|x86
		{FC2DE6C9-641A-4230-8D29-EA4035CD8708}.Release|x86.Build.0 = Release|x86
		{538E41E4-725C-4521-BCF3-A5591A1A3AFD}.Debug|Any CPU.ActiveCfg = Debug|Any CPU
		{538E41E4-725C-4521-BCF3-A5591A1A3AFD}.Debug|Any CPU.Build.0 = Debug|Any CPU
		{538E41E4-725C-4521-BCF3-A5591A1A3AFD}.Debug|Mixed Platforms.ActiveCfg = Debug|x86
		{538E41E4-725C-4521-BCF3-A5591A1A3AFD}.Debug|Mixed Platforms.Build.0 = Debug|x86
		{538E41E4-725C-4521-BCF3-A5591A1A3AFD}.Debug|x86.ActiveCfg = Debug|x86
		{538E41E4-725C-4521-BCF3-A5591A1A3AFD}.Debug|x86.Build.0 = Debug|x86
		{538E41E4-725C-4521-BCF3-A5591A1A3AFD}.Release|Any CPU.ActiveCfg = Release|Any CPU
		{538E41E4-725C-4521-BCF3-A5591A1A3AFD}.Release|Any CPU.Build.0 = Release|Any CPU
		{538E41E4-725C-4521-BCF3-A5591A1A3AFD}.Release|Mixed Platforms.ActiveCfg = Release|x86
		{538E41E4-725C-4521-BCF3-A5591A1A3AFD}.Release|Mixed Platforms.Build.0 = Release|x86
		{538E41E4-725C-4521-BCF3-A5591A1A3AFD}.Release|x86.ActiveCfg = Release|x86
		{538E41E4-725C-4521-BCF3-A5591A1A3AFD}.Release|x86.Build.0 = Release|x86
	EndGlobalSection
	GlobalSection(SolutionProperties) = preSolution
		HideSolutionNode = FALSE
	EndGlobalSection
EndGlobal
