
Microsoft Visual Studio Solution File, Format Version 11.00
# Visual Studio 2010
Project("{FAE04EC0-301F-11D3-BF4B-00C04F79EFBC}") = "Lime.Mac", "..\Lime\Lime.Mac.csproj", "{DC16EEBF-404D-4610-B87A-15B57464D707}"
EndProject
Project("{FAE04EC0-301F-11D3-BF4B-00C04F79EFBC}") = "Orange.Mac", "Orange.Mac.csproj", "{4B2BDD5A-2AAE-46AE-AA1A-8C9308BAA50D}"
EndProject
Project("{FAE04EC0-301F-11D3-BF4B-00C04F79EFBC}") = "Lemon.Mac", "..\Lemon\Lemon.Mac.csproj", "{4604AA2E-129F-4814-AD0D-8BA35346ECC4}"
EndProject
Global
	GlobalSection(SolutionConfigurationPlatforms) = preSolution
		Debug|x86 = Debug|x86
		Release|x86 = Release|x86
	EndGlobalSection
	GlobalSection(ProjectConfigurationPlatforms) = postSolution
		{4604AA2E-129F-4814-AD0D-8BA35346ECC4}.Debug|x86.ActiveCfg = Debug|Any CPU
		{4604AA2E-129F-4814-AD0D-8BA35346ECC4}.Debug|x86.Build.0 = Debug|Any CPU
		{4604AA2E-129F-4814-AD0D-8BA35346ECC4}.Release|x86.ActiveCfg = Release|Any CPU
		{4604AA2E-129F-4814-AD0D-8BA35346ECC4}.Release|x86.Build.0 = Release|Any CPU
		{4B2BDD5A-2AAE-46AE-AA1A-8C9308BAA50D}.Debug|x86.ActiveCfg = Debug|x86
		{4B2BDD5A-2AAE-46AE-AA1A-8C9308BAA50D}.Debug|x86.Build.0 = Debug|x86
		{4B2BDD5A-2AAE-46AE-AA1A-8C9308BAA50D}.Release|x86.ActiveCfg = Release|x86
		{4B2BDD5A-2AAE-46AE-AA1A-8C9308BAA50D}.Release|x86.Build.0 = Release|x86
		{DC16EEBF-404D-4610-B87A-15B57464D707}.Debug|x86.ActiveCfg = Debug|Any CPU
		{DC16EEBF-404D-4610-B87A-15B57464D707}.Debug|x86.Build.0 = Debug|Any CPU
		{DC16EEBF-404D-4610-B87A-15B57464D707}.Release|x86.ActiveCfg = Release|Any CPU
		{DC16EEBF-404D-4610-B87A-15B57464D707}.Release|x86.Build.0 = Release|Any CPU
	EndGlobalSection
	GlobalSection(MonoDevelopProperties) = preSolution
		Policies = $0
		$0.TextStylePolicy = $1
		$1.FileWidth = 120
		$1.TabsToSpaces = False
		$1.EolMarker = Windows
		$1.inheritsSet = VisualStudio
		$1.inheritsScope = text/plain
		$1.scope = text/x-csharp
		$0.CSharpFormattingPolicy = $2
		$2.BeforeMethodDeclarationParentheses = False
		$2.BeforeMethodCallParentheses = False
		$2.BeforeConstructorDeclarationParentheses = False
		$2.BeforeIndexerDeclarationBracket = False
		$2.BeforeDelegateDeclarationParentheses = False
		$2.NewParentheses = False
		$2.SpacesBeforeBrackets = False
		$2.inheritsSet = Mono
		$2.inheritsScope = text/x-csharp
		$2.scope = text/x-csharp
		$0.TextStylePolicy = $3
		$3.FileWidth = 120
		$3.TabWidth = 4
		$3.EolMarker = Windows
		$3.inheritsSet = Mono
		$3.inheritsScope = text/plain
		$3.scope = text/plain
		$0.TextStylePolicy = $4
		$4.inheritsSet = null
		$4.scope = text/x-csrc
		$0.StandardHeader = $5
		$5.Text = 
		$5.IncludeInNewFiles = True
		$0.DotNetNamingPolicy = $6
		$6.DirectoryNamespaceAssociation = None
		$6.ResourceNamePolicy = FileFormatDefault
		$0.TextStylePolicy = $7
		$7.inheritsSet = null
		$7.scope = application/xml
		$0.XmlFormattingPolicy = $8
		$8.inheritsSet = Mono
		$8.inheritsScope = application/xml
		$8.scope = application/xml
	EndGlobalSection
EndGlobal
